{
  "name": "api",
  "lockfileVersion": 3,
  "requires": true,
  "packages": {
    "": {
      "dependencies": {
        "@ankasru/utils-ts": "^1.1.17"
      }
    },
    "node_modules/@ankasru/utils-ts": {
      "version": "1.1.17",
      "resolved": "https://registry.npmjs.org/@ankasru/utils-ts/-/utils-ts-1.1.17.tgz",
      "integrity": "sha512-5CDCaMWiVa7ozCxn6ezl+pHN6GbAq/VpRqBN5SDyLRSxLbn4bOotlVHBnILskOK0uxKT4aA4v6JQaZActT+DEw==",
      "license": "MIT"
    }
  }
}
